{
  "name": "thatretrodev-example-node",
  "version": "1.0.0",
  "lockfileVersion": 2,
  "requires": true,
  "packages": {
    "": {
      "name": "thatretrodev-example-node",
      "version": "1.0.0",
      "license": "MIT",
      "dependencies": {
        "thatretrodev": "file:../../packages/thatretrodev"
      }
    },
    "../../packages/thatretrodev": {
      "version": "1.0.0",
      "license": "MIT"
    },
    "node_modules/thatretrodev": {
      "resolved": "../../packages/thatretrodev",
      "link": true
    }
  },
  "dependencies": {
    "thatretrodev": {
      "version": "file:../../packages/thatretrodev"
    }
  }
}
